
Microsoft Visual Studio Solution File, Format Version 12.00
# Visual Studio Version 16
VisualStudioVersion = 16.0.32002.261
MinimumVisualStudioVersion = 10.0.40219.1
Project("{FAE04EC0-301F-11D3-BF4B-00C04F79EFBC}") = "AppManager8_Desktop", "AppManager8_Desktop\AppManager8_Desktop.csproj", "{43B69F82-5F26-4FA0-9EA0-DC3ED326AD75}"
EndProject
Global
	GlobalSection(SolutionConfigurationPlatforms) = preSolution
		Debug|Any CPU = Debug|Any CPU
		Release|Any CPU = Release|Any CPU
	EndGlobalSection
	GlobalSection(ProjectConfigurationPlatforms) = postSolution
		{43B69F82-5F26-4FA0-9EA0-DC3ED326AD75}.Debug|Any CPU.ActiveCfg = Debug|Any CPU
		{43B69F82-5F26-4FA0-9EA0-DC3ED326AD75}.Debug|Any CPU.Build.0 = Debug|Any CPU
		{43B69F82-5F26-4FA0-9EA0-DC3ED326AD75}.Release|Any CPU.ActiveCfg = Release|Any CPU
		{43B69F82-5F26-4FA0-9EA0-DC3ED326AD75}.Release|Any CPU.Build.0 = Release|Any CPU
	EndGlobalSection
	GlobalSection(SolutionProperties) = preSolution
		HideSolutionNode = FALSE
	EndGlobalSection
	GlobalSection(ExtensibilityGlobals) = postSolution
		SolutionGuid = {EDCA9C20-6006-49BC-91E1-E08C3B8F8D78}
	EndGlobalSection
EndGlobal
